
Microsoft Visual Studio Solution File, Format Version 12.00
# Visual Studio Version 16
VisualStudioVersion = 16.0.30907.101
MinimumVisualStudioVersion = 10.0.40219.1
Project("{FAE04EC0-301F-11D3-BF4B-00C04F79EFBC}") = "ApiCatalogoDeJogos", "ApiCatalogoDeJogos.csproj", "{195BB2C0-B0BA-4CF3-89A3-5F09F81E1BBF}"
EndProject
Global
	GlobalSection(SolutionConfigurationPlatforms) = preSolution
		Debug|Any CPU = Debug|Any CPU
		Release|Any CPU = Release|Any CPU
	EndGlobalSection
	GlobalSection(ProjectConfigurationPlatforms) = postSolution
		{195BB2C0-B0BA-4CF3-89A3-5F09F81E1BBF}.Debug|Any CPU.ActiveCfg = Debug|Any CPU
		{195BB2C0-B0BA-4CF3-89A3-5F09F81E1BBF}.Debug|Any CPU.Build.0 = Debug|Any CPU
		{195BB2C0-B0BA-4CF3-89A3-5F09F81E1BBF}.Release|Any CPU.ActiveCfg = Release|Any CPU
		{195BB2C0-B0BA-4CF3-89A3-5F09F81E1BBF}.Release|Any CPU.Build.0 = Release|Any CPU
	EndGlobalSection
	GlobalSection(SolutionProperties) = preSolution
		HideSolutionNode = FALSE
	EndGlobalSection
	GlobalSection(ExtensibilityGlobals) = postSolution
		SolutionGuid = {B417A873-A6A3-498B-B132-30234E3DC664}
	EndGlobalSection
EndGlobal
