
Microsoft Visual Studio Solution File, Format Version 12.00
# Visual Studio Version 16
VisualStudioVersion = 16.0.30907.101
MinimumVisualStudioVersion = 10.0.40219.1
Project("{FAE04EC0-301F-11D3-BF4B-00C04F79EFBC}") = "ApCatalogoDeJogos", "ApCatalogoDeJogos.csproj", "{51DD890A-B547-4B3B-924E-2E035041DC28}"
EndProject
Global
	GlobalSection(SolutionConfigurationPlatforms) = preSolution
		Debug|Any CPU = Debug|Any CPU
		Release|Any CPU = Release|Any CPU
	EndGlobalSection
	GlobalSection(ProjectConfigurationPlatforms) = postSolution
		{51DD890A-B547-4B3B-924E-2E035041DC28}.Debug|Any CPU.ActiveCfg = Debug|Any CPU
		{51DD890A-B547-4B3B-924E-2E035041DC28}.Debug|Any CPU.Build.0 = Debug|Any CPU
		{51DD890A-B547-4B3B-924E-2E035041DC28}.Release|Any CPU.ActiveCfg = Release|Any CPU
		{51DD890A-B547-4B3B-924E-2E035041DC28}.Release|Any CPU.Build.0 = Release|Any CPU
	EndGlobalSection
	GlobalSection(SolutionProperties) = preSolution
		HideSolutionNode = FALSE
	EndGlobalSection
	GlobalSection(ExtensibilityGlobals) = postSolution
		SolutionGuid = {DFF752C6-6261-4521-B6FD-DDA9593CB144}
	EndGlobalSection
EndGlobal
